// !$*UTF8*$!
{
	archiveVersion = 1;
	classes = {
	};
	objectVersion = 55;
	objects = {

/* Begin PBXBuildFile section */
		6BB3C104AA563B0EC6AC6726 /* Pods_GithubProfileRepos.framework in Frameworks */ = {isa = PBXBuildFile; fileRef = ED3DE93CCA114A2601F728F6 /* Pods_GithubProfileRepos.framework */; };
		A72F566D27FE8D7700D6650F /* HomeContainerViewModel.swift in Sources */ = {isa = PBXBuildFile; fileRef = A72F566C27FE8D7700D6650F /* HomeContainerViewModel.swift */; };
		A72F566F27FEA22700D6650F /* User.swift in Sources */ = {isa = PBXBuildFile; fileRef = A72F566E27FEA22700D6650F /* User.swift */; };
		A72F567327FEA59900D6650F /* RepoLanguages.json in Resources */ = {isa = PBXBuildFile; fileRef = A72F567127FEA59900D6650F /* RepoLanguages.json */; };
		A72F567427FEA59900D6650F /* UserRepos.json in Resources */ = {isa = PBXBuildFile; fileRef = A72F567227FEA59900D6650F /* UserRepos.json */; };
		A72F567727FEA5F700D6650F /* UserFollowers.json in Resources */ = {isa = PBXBuildFile; fileRef = A72F567527FEA5F700D6650F /* UserFollowers.json */; };
		A72F567827FEA5F700D6650F /* UserFollowing.json in Resources */ = {isa = PBXBuildFile; fileRef = A72F567627FEA5F700D6650F /* UserFollowing.json */; };
		A72F567A27FEAA5D00D6650F /* UserViewModel.swift in Sources */ = {isa = PBXBuildFile; fileRef = A72F567927FEAA5D00D6650F /* UserViewModel.swift */; };
		A759B59E27FCDAC600002498 /* UserView.xib in Resources */ = {isa = PBXBuildFile; fileRef = A759B59D27FCDAC600002498 /* UserView.xib */; };
		A759B5A727FD3B1500002498 /* UserVC.swift in Sources */ = {isa = PBXBuildFile; fileRef = A759B5A627FD3B1500002498 /* UserVC.swift */; };
		A759B5AD27FD45E800002498 /* HomeContainerVC.swift in Sources */ = {isa = PBXBuildFile; fileRef = A759B5AC27FD45E800002498 /* HomeContainerVC.swift */; };
		A759B5B027FD48B200002498 /* UIViewControllerExtension.swift in Sources */ = {isa = PBXBuildFile; fileRef = A759B5AF27FD48B200002498 /* UIViewControllerExtension.swift */; };
		A777805827FC000E004AF800 /* LanguageColors.swift in Sources */ = {isa = PBXBuildFile; fileRef = A777805727FC000E004AF800 /* LanguageColors.swift */; };
		A777805A27FC1746004AF800 /* Utils.swift in Sources */ = {isa = PBXBuildFile; fileRef = A777805927FC1746004AF800 /* Utils.swift */; };
		A79EE86F280521F100E93B3B /* HomeSearchBar.swift in Sources */ = {isa = PBXBuildFile; fileRef = A79EE86E280521F100E93B3B /* HomeSearchBar.swift */; };
		A79EE87328052C2400E93B3B /* SearchResultsVC.swift in Sources */ = {isa = PBXBuildFile; fileRef = A79EE87128052C2400E93B3B /* SearchResultsVC.swift */; };
		A79EE87428052C2400E93B3B /* SearchResultsView.xib in Resources */ = {isa = PBXBuildFile; fileRef = A79EE87228052C2400E93B3B /* SearchResultsView.xib */; };
		A7A2A7E528029A04009EF621 /* User.json in Resources */ = {isa = PBXBuildFile; fileRef = A7A2A7E428029A04009EF621 /* User.json */; };
		A7A2A7E72802A059009EF621 /* UIImageViewExtension.swift in Sources */ = {isa = PBXBuildFile; fileRef = A7A2A7E62802A059009EF621 /* UIImageViewExtension.swift */; };
		A7C36B6B280350AE00DA52E3 /* UserProfile.swift in Sources */ = {isa = PBXBuildFile; fileRef = A7C36B6A280350AE00DA52E3 /* UserProfile.swift */; };
		A7C36B6F280388EF00DA52E3 /* RepoCellViewModel.swift in Sources */ = {isa = PBXBuildFile; fileRef = A7C36B6E280388EF00DA52E3 /* RepoCellViewModel.swift */; };
		A7C8B40827F2AB6E001F6F93 /* ReposTableViewModel.swift in Sources */ = {isa = PBXBuildFile; fileRef = A7C8B40727F2AB6E001F6F93 /* ReposTableViewModel.swift */; };
		A7DF1AFA27F1328F0030DA50 /* AppDelegate.swift in Sources */ = {isa = PBXBuildFile; fileRef = A7DF1AF927F1328F0030DA50 /* AppDelegate.swift */; };
		A7DF1AFC27F1328F0030DA50 /* SceneDelegate.swift in Sources */ = {isa = PBXBuildFile; fileRef = A7DF1AFB27F1328F0030DA50 /* SceneDelegate.swift */; };
		A7DF1B0327F132900030DA50 /* Assets.xcassets in Resources */ = {isa = PBXBuildFile; fileRef = A7DF1B0227F132900030DA50 /* Assets.xcassets */; };
		A7DF1B0627F132900030DA50 /* LaunchScreen.storyboard in Resources */ = {isa = PBXBuildFile; fileRef = A7DF1B0427F132900030DA50 /* LaunchScreen.storyboard */; };
		A7DF1B1027F1358C0030DA50 /* Keys.swift in Sources */ = {isa = PBXBuildFile; fileRef = A7DF1B0F27F1358C0030DA50 /* Keys.swift */; };
		A7DF1B1827F1366F0030DA50 /* ReposTableVC.swift in Sources */ = {isa = PBXBuildFile; fileRef = A7DF1B1627F1366F0030DA50 /* ReposTableVC.swift */; };
		A7DF1B1927F1366F0030DA50 /* ReposTableView.xib in Resources */ = {isa = PBXBuildFile; fileRef = A7DF1B1727F1366F0030DA50 /* ReposTableView.xib */; };
		A7DF1B1B27F136AE0030DA50 /* Nibs.swift in Sources */ = {isa = PBXBuildFile; fileRef = A7DF1B1A27F136AE0030DA50 /* Nibs.swift */; };
		A7DF1B1F27F137F90030DA50 /* RepoCell.swift in Sources */ = {isa = PBXBuildFile; fileRef = A7DF1B1D27F137F90030DA50 /* RepoCell.swift */; };
		A7DF1B2027F137F90030DA50 /* RepoCell.xib in Resources */ = {isa = PBXBuildFile; fileRef = A7DF1B1E27F137F90030DA50 /* RepoCell.xib */; };
		A7DF1B2227F13F440030DA50 /* Repo.swift in Sources */ = {isa = PBXBuildFile; fileRef = A7DF1B2127F13F440030DA50 /* Repo.swift */; };
		A7DF1B2527F142AD0030DA50 /* GithubUsersEndpoint.swift in Sources */ = {isa = PBXBuildFile; fileRef = A7DF1B2427F142AD0030DA50 /* GithubUsersEndpoint.swift */; };
		A7DF1B2727F142B60030DA50 /* NetworkManager.swift in Sources */ = {isa = PBXBuildFile; fileRef = A7DF1B2627F142B60030DA50 /* NetworkManager.swift */; };
		A7DF1B2A27F142D60030DA50 /* ParameterEncoder.swift in Sources */ = {isa = PBXBuildFile; fileRef = A7DF1B2927F142D60030DA50 /* ParameterEncoder.swift */; };
		A7DF1B2C27F142E70030DA50 /* URLParameterEncoder.swift in Sources */ = {isa = PBXBuildFile; fileRef = A7DF1B2B27F142E70030DA50 /* URLParameterEncoder.swift */; };
		A7DF1B3027F143680030DA50 /* EndpointProtocol.swift in Sources */ = {isa = PBXBuildFile; fileRef = A7DF1B2F27F143680030DA50 /* EndpointProtocol.swift */; };
		A7DF1B3327F1452A0030DA50 /* HTTPMethod.swift in Sources */ = {isa = PBXBuildFile; fileRef = A7DF1B3227F1452A0030DA50 /* HTTPMethod.swift */; };
		A7DF1B3527F1453A0030DA50 /* HTTPTask.swift in Sources */ = {isa = PBXBuildFile; fileRef = A7DF1B3427F1453A0030DA50 /* HTTPTask.swift */; };
		A7DF1B3927F16A210030DA50 /* HTTPHeaders.swift in Sources */ = {isa = PBXBuildFile; fileRef = A7DF1B3827F16A210030DA50 /* HTTPHeaders.swift */; };
		A7DF1B3B27F16D050030DA50 /* Router.swift in Sources */ = {isa = PBXBuildFile; fileRef = A7DF1B3A27F16D050030DA50 /* Router.swift */; };
		A7DF1B3D27F16D2D0030DA50 /* RouterProtocol.swift in Sources */ = {isa = PBXBuildFile; fileRef = A7DF1B3C27F16D2D0030DA50 /* RouterProtocol.swift */; };
		A7DF1B4127F170DC0030DA50 /* JSONBodyParameterEncoder.swift in Sources */ = {isa = PBXBuildFile; fileRef = A7DF1B4027F170DC0030DA50 /* JSONBodyParameterEncoder.swift */; };
		A7F81B1F27F7FCA200082EFE /* NetworkProtocol.swift in Sources */ = {isa = PBXBuildFile; fileRef = A7F81B1E27F7FCA200082EFE /* NetworkProtocol.swift */; };
		A7F81B2227F806AD00082EFE /* JSONMock.swift in Sources */ = {isa = PBXBuildFile; fileRef = A7F81B2127F806AD00082EFE /* JSONMock.swift */; };
/* End PBXBuildFile section */

/* Begin PBXFileReference section */
		3D67EA8AA75DF875A50078A4 /* Pods-GithubProfileRepos.debug.xcconfig */ = {isa = PBXFileReference; includeInIndex = 1; lastKnownFileType = text.xcconfig; name = "Pods-GithubProfileRepos.debug.xcconfig"; path = "Target Support Files/Pods-GithubProfileRepos/Pods-GithubProfileRepos.debug.xcconfig"; sourceTree = "<group>"; };
		A72F566C27FE8D7700D6650F /* HomeContainerViewModel.swift */ = {isa = PBXFileReference; lastKnownFileType = sourcecode.swift; path = HomeContainerViewModel.swift; sourceTree = "<group>"; };
		A72F566E27FEA22700D6650F /* User.swift */ = {isa = PBXFileReference; lastKnownFileType = sourcecode.swift; path = User.swift; sourceTree = "<group>"; };
		A72F567127FEA59900D6650F /* RepoLanguages.json */ = {isa = PBXFileReference; fileEncoding = 4; lastKnownFileType = text.json; name = RepoLanguages.json; path = MockFiles/RepoLanguages.json; sourceTree = SOURCE_ROOT; };
		A72F567227FEA59900D6650F /* UserRepos.json */ = {isa = PBXFileReference; fileEncoding = 4; lastKnownFileType = text.json; name = UserRepos.json; path = MockFiles/UserRepos.json; sourceTree = SOURCE_ROOT; };
		A72F567527FEA5F700D6650F /* UserFollowers.json */ = {isa = PBXFileReference; fileEncoding = 4; lastKnownFileType = text.json; name = UserFollowers.json; path = MockFiles/UserFollowers.json; sourceTree = SOURCE_ROOT; };
		A72F567627FEA5F700D6650F /* UserFollowing.json */ = {isa = PBXFileReference; fileEncoding = 4; lastKnownFileType = text.json; name = UserFollowing.json; path = MockFiles/UserFollowing.json; sourceTree = SOURCE_ROOT; };
		A72F567927FEAA5D00D6650F /* UserViewModel.swift */ = {isa = PBXFileReference; lastKnownFileType = sourcecode.swift; path = UserViewModel.swift; sourceTree = "<group>"; };
		A759B59D27FCDAC600002498 /* UserView.xib */ = {isa = PBXFileReference; lastKnownFileType = file.xib; path = UserView.xib; sourceTree = "<group>"; };
		A759B5A627FD3B1500002498 /* UserVC.swift */ = {isa = PBXFileReference; lastKnownFileType = sourcecode.swift; path = UserVC.swift; sourceTree = "<group>"; };
		A759B5AC27FD45E800002498 /* HomeContainerVC.swift */ = {isa = PBXFileReference; lastKnownFileType = sourcecode.swift; path = HomeContainerVC.swift; sourceTree = "<group>"; };
		A759B5AF27FD48B200002498 /* UIViewControllerExtension.swift */ = {isa = PBXFileReference; lastKnownFileType = sourcecode.swift; path = UIViewControllerExtension.swift; sourceTree = "<group>"; };
		A777805727FC000E004AF800 /* LanguageColors.swift */ = {isa = PBXFileReference; lastKnownFileType = sourcecode.swift; path = LanguageColors.swift; sourceTree = "<group>"; };
		A777805927FC1746004AF800 /* Utils.swift */ = {isa = PBXFileReference; lastKnownFileType = sourcecode.swift; path = Utils.swift; sourceTree = "<group>"; };
		A79EE86E280521F100E93B3B /* HomeSearchBar.swift */ = {isa = PBXFileReference; lastKnownFileType = sourcecode.swift; path = HomeSearchBar.swift; sourceTree = "<group>"; };
		A79EE87128052C2400E93B3B /* SearchResultsVC.swift */ = {isa = PBXFileReference; lastKnownFileType = sourcecode.swift; path = SearchResultsVC.swift; sourceTree = "<group>"; };
		A79EE87228052C2400E93B3B /* SearchResultsView.xib */ = {isa = PBXFileReference; lastKnownFileType = file.xib; path = SearchResultsView.xib; sourceTree = "<group>"; };
		A7A2A7E428029A04009EF621 /* User.json */ = {isa = PBXFileReference; fileEncoding = 4; lastKnownFileType = text.json; name = User.json; path = MockFiles/User.json; sourceTree = SOURCE_ROOT; };
		A7A2A7E62802A059009EF621 /* UIImageViewExtension.swift */ = {isa = PBXFileReference; lastKnownFileType = sourcecode.swift; path = UIImageViewExtension.swift; sourceTree = "<group>"; };
		A7C36B6A280350AE00DA52E3 /* UserProfile.swift */ = {isa = PBXFileReference; lastKnownFileType = sourcecode.swift; path = UserProfile.swift; sourceTree = "<group>"; };
		A7C36B6E280388EF00DA52E3 /* RepoCellViewModel.swift */ = {isa = PBXFileReference; lastKnownFileType = sourcecode.swift; path = RepoCellViewModel.swift; sourceTree = "<group>"; };
		A7C8B40727F2AB6E001F6F93 /* ReposTableViewModel.swift */ = {isa = PBXFileReference; lastKnownFileType = sourcecode.swift; path = ReposTableViewModel.swift; sourceTree = "<group>"; };
		A7DF1AF627F1328F0030DA50 /* GithubProfileRepos.app */ = {isa = PBXFileReference; explicitFileType = wrapper.application; includeInIndex = 0; path = GithubProfileRepos.app; sourceTree = BUILT_PRODUCTS_DIR; };
		A7DF1AF927F1328F0030DA50 /* AppDelegate.swift */ = {isa = PBXFileReference; lastKnownFileType = sourcecode.swift; path = AppDelegate.swift; sourceTree = "<group>"; };
		A7DF1AFB27F1328F0030DA50 /* SceneDelegate.swift */ = {isa = PBXFileReference; lastKnownFileType = sourcecode.swift; path = SceneDelegate.swift; sourceTree = "<group>"; };
		A7DF1B0227F132900030DA50 /* Assets.xcassets */ = {isa = PBXFileReference; lastKnownFileType = folder.assetcatalog; path = Assets.xcassets; sourceTree = "<group>"; };
		A7DF1B0527F132900030DA50 /* Base */ = {isa = PBXFileReference; lastKnownFileType = file.storyboard; name = Base; path = Base.lproj/LaunchScreen.storyboard; sourceTree = "<group>"; };
		A7DF1B0727F132900030DA50 /* Info.plist */ = {isa = PBXFileReference; lastKnownFileType = text.plist.xml; path = Info.plist; sourceTree = "<group>"; };
		A7DF1B0F27F1358C0030DA50 /* Keys.swift */ = {isa = PBXFileReference; lastKnownFileType = sourcecode.swift; path = Keys.swift; sourceTree = "<group>"; };
		A7DF1B1627F1366F0030DA50 /* ReposTableVC.swift */ = {isa = PBXFileReference; lastKnownFileType = sourcecode.swift; path = ReposTableVC.swift; sourceTree = "<group>"; };
		A7DF1B1727F1366F0030DA50 /* ReposTableView.xib */ = {isa = PBXFileReference; lastKnownFileType = file.xib; path = ReposTableView.xib; sourceTree = "<group>"; };
		A7DF1B1A27F136AE0030DA50 /* Nibs.swift */ = {isa = PBXFileReference; lastKnownFileType = sourcecode.swift; path = Nibs.swift; sourceTree = "<group>"; };
		A7DF1B1D27F137F90030DA50 /* RepoCell.swift */ = {isa = PBXFileReference; lastKnownFileType = sourcecode.swift; path = RepoCell.swift; sourceTree = "<group>"; };
		A7DF1B1E27F137F90030DA50 /* RepoCell.xib */ = {isa = PBXFileReference; lastKnownFileType = file.xib; path = RepoCell.xib; sourceTree = "<group>"; };
		A7DF1B2127F13F440030DA50 /* Repo.swift */ = {isa = PBXFileReference; lastKnownFileType = sourcecode.swift; path = Repo.swift; sourceTree = "<group>"; };
		A7DF1B2427F142AD0030DA50 /* GithubUsersEndpoint.swift */ = {isa = PBXFileReference; lastKnownFileType = sourcecode.swift; path = GithubUsersEndpoint.swift; sourceTree = "<group>"; };
		A7DF1B2627F142B60030DA50 /* NetworkManager.swift */ = {isa = PBXFileReference; lastKnownFileType = sourcecode.swift; path = NetworkManager.swift; sourceTree = "<group>"; };
		A7DF1B2927F142D60030DA50 /* ParameterEncoder.swift */ = {isa = PBXFileReference; lastKnownFileType = sourcecode.swift; path = ParameterEncoder.swift; sourceTree = "<group>"; };
		A7DF1B2B27F142E70030DA50 /* URLParameterEncoder.swift */ = {isa = PBXFileReference; lastKnownFileType = sourcecode.swift; path = URLParameterEncoder.swift; sourceTree = "<group>"; };
		A7DF1B2F27F143680030DA50 /* EndpointProtocol.swift */ = {isa = PBXFileReference; lastKnownFileType = sourcecode.swift; path = EndpointProtocol.swift; sourceTree = "<group>"; };
		A7DF1B3227F1452A0030DA50 /* HTTPMethod.swift */ = {isa = PBXFileReference; lastKnownFileType = sourcecode.swift; path = HTTPMethod.swift; sourceTree = "<group>"; };
		A7DF1B3427F1453A0030DA50 /* HTTPTask.swift */ = {isa = PBXFileReference; lastKnownFileType = sourcecode.swift; path = HTTPTask.swift; sourceTree = "<group>"; };
		A7DF1B3827F16A210030DA50 /* HTTPHeaders.swift */ = {isa = PBXFileReference; lastKnownFileType = sourcecode.swift; path = HTTPHeaders.swift; sourceTree = "<group>"; };
		A7DF1B3A27F16D050030DA50 /* Router.swift */ = {isa = PBXFileReference; lastKnownFileType = sourcecode.swift; path = Router.swift; sourceTree = "<group>"; };
		A7DF1B3C27F16D2D0030DA50 /* RouterProtocol.swift */ = {isa = PBXFileReference; lastKnownFileType = sourcecode.swift; path = RouterProtocol.swift; sourceTree = "<group>"; };
		A7DF1B4027F170DC0030DA50 /* JSONBodyParameterEncoder.swift */ = {isa = PBXFileReference; lastKnownFileType = sourcecode.swift; path = JSONBodyParameterEncoder.swift; sourceTree = "<group>"; };
		A7F81B1E27F7FCA200082EFE /* NetworkProtocol.swift */ = {isa = PBXFileReference; lastKnownFileType = sourcecode.swift; path = NetworkProtocol.swift; sourceTree = "<group>"; };
		A7F81B2127F806AD00082EFE /* JSONMock.swift */ = {isa = PBXFileReference; lastKnownFileType = sourcecode.swift; path = JSONMock.swift; sourceTree = "<group>"; };
		D06877A76E953C3101BD1B69 /* Pods-GithubProfileRepos.release.xcconfig */ = {isa = PBXFileReference; includeInIndex = 1; lastKnownFileType = text.xcconfig; name = "Pods-GithubProfileRepos.release.xcconfig"; path = "Target Support Files/Pods-GithubProfileRepos/Pods-GithubProfileRepos.release.xcconfig"; sourceTree = "<group>"; };
		ED3DE93CCA114A2601F728F6 /* Pods_GithubProfileRepos.framework */ = {isa = PBXFileReference; explicitFileType = wrapper.framework; includeInIndex = 0; path = Pods_GithubProfileRepos.framework; sourceTree = BUILT_PRODUCTS_DIR; };
/* End PBXFileReference section */

/* Begin PBXFrameworksBuildPhase section */
		A7DF1AF327F1328F0030DA50 /* Frameworks */ = {
			isa = PBXFrameworksBuildPhase;
			buildActionMask = 2147483647;
			files = (
				6BB3C104AA563B0EC6AC6726 /* Pods_GithubProfileRepos.framework in Frameworks */,
			);
			runOnlyForDeploymentPostprocessing = 0;
		};
/* End PBXFrameworksBuildPhase section */

/* Begin PBXGroup section */
		56C49CA7F2AF5FBEB622BA31 /* Pods */ = {
			isa = PBXGroup;
			children = (
				3D67EA8AA75DF875A50078A4 /* Pods-GithubProfileRepos.debug.xcconfig */,
				D06877A76E953C3101BD1B69 /* Pods-GithubProfileRepos.release.xcconfig */,
			);
			path = Pods;
			sourceTree = "<group>";
		};
		A72F566B27FE8D6300D6650F /* Container */ = {
			isa = PBXGroup;
			children = (
				A759B5AC27FD45E800002498 /* HomeContainerVC.swift */,
				A72F566C27FE8D7700D6650F /* HomeContainerViewModel.swift */,
			);
			path = Container;
			sourceTree = "<group>";
		};
		A759B59B27FCD9AD00002498 /* ReposTable */ = {
			isa = PBXGroup;
			children = (
				A7DF1B1627F1366F0030DA50 /* ReposTableVC.swift */,
				A7DF1B1727F1366F0030DA50 /* ReposTableView.xib */,
			);
			path = ReposTable;
			sourceTree = "<group>";
		};
		A759B59C27FCD9C300002498 /* User */ = {
			isa = PBXGroup;
			children = (
				A759B5A627FD3B1500002498 /* UserVC.swift */,
				A759B59D27FCDAC600002498 /* UserView.xib */,
			);
			path = User;
			sourceTree = "<group>";
		};
		A759B5A127FD39F300002498 /* ReposTable */ = {
			isa = PBXGroup;
			children = (
				A7DF1B1227F1362D0030DA50 /* Model */,
				A7DF1B1327F136340030DA50 /* View */,
				A7DF1B1427F1363F0030DA50 /* ViewModel */,
			);
			path = ReposTable;
			sourceTree = "<group>";
		};
		A759B5A227FD3A0B00002498 /* UserProfile */ = {
			isa = PBXGroup;
			children = (
				A759B5A327FD3A7700002498 /* Model */,
				A759B5A527FD3A8200002498 /* View */,
				A759B5A427FD3A7D00002498 /* ViewModel */,
			);
			path = UserProfile;
			sourceTree = "<group>";
		};
		A759B5A327FD3A7700002498 /* Model */ = {
			isa = PBXGroup;
			children = (
				A72F566E27FEA22700D6650F /* User.swift */,
				A7C36B6A280350AE00DA52E3 /* UserProfile.swift */,
			);
			path = Model;
			sourceTree = "<group>";
		};
		A759B5A427FD3A7D00002498 /* ViewModel */ = {
			isa = PBXGroup;
			children = (
				A72F567927FEAA5D00D6650F /* UserViewModel.swift */,
			);
			path = ViewModel;
			sourceTree = "<group>";
		};
		A759B5A527FD3A8200002498 /* View */ = {
			isa = PBXGroup;
			children = (
				A759B59C27FCD9C300002498 /* User */,
			);
			path = View;
			sourceTree = "<group>";
		};
		A759B5AE27FD484700002498 /* Extensions */ = {
			isa = PBXGroup;
			children = (
				A759B5AF27FD48B200002498 /* UIViewControllerExtension.swift */,
				A7A2A7E62802A059009EF621 /* UIImageViewExtension.swift */,
			);
			path = Extensions;
			sourceTree = "<group>";
		};
		A777805627FBFFEE004AF800 /* Utils */ = {
			isa = PBXGroup;
			children = (
				A777805727FC000E004AF800 /* LanguageColors.swift */,
				A777805927FC1746004AF800 /* Utils.swift */,
			);
			path = Utils;
			sourceTree = "<group>";
		};
		A79EE86D280521C100E93B3B /* SearchBar */ = {
			isa = PBXGroup;
			children = (
				A79EE87028052C0300E93B3B /* SearchResults */,
				A79EE86E280521F100E93B3B /* HomeSearchBar.swift */,
			);
			path = SearchBar;
			sourceTree = "<group>";
		};
		A79EE87028052C0300E93B3B /* SearchResults */ = {
			isa = PBXGroup;
			children = (
				A79EE87128052C2400E93B3B /* SearchResultsVC.swift */,
				A79EE87228052C2400E93B3B /* SearchResultsView.xib */,
			);
			path = SearchResults;
			sourceTree = "<group>";
		};
		A7DF1AED27F1328F0030DA50 = {
			isa = PBXGroup;
			children = (
				A7DF1AF827F1328F0030DA50 /* GithubProfileRepos */,
				A7DF1AF727F1328F0030DA50 /* Products */,
				56C49CA7F2AF5FBEB622BA31 /* Pods */,
				ED6457C5121E696F0D401CAB /* Frameworks */,
			);
			sourceTree = "<group>";
		};
		A7DF1AF727F1328F0030DA50 /* Products */ = {
			isa = PBXGroup;
			children = (
				A7DF1AF627F1328F0030DA50 /* GithubProfileRepos.app */,
			);
			name = Products;
			sourceTree = "<group>";
		};
		A7DF1AF827F1328F0030DA50 /* GithubProfileRepos */ = {
			isa = PBXGroup;
			children = (
				A7DF1AF927F1328F0030DA50 /* AppDelegate.swift */,
				A7DF1AFB27F1328F0030DA50 /* SceneDelegate.swift */,
				A7F81B2027F8065800082EFE /* LocalStorageLayer */,
				A7DF1B0E27F1357F0030DA50 /* NetworkLayer */,
				A7DF1B0D27F1357B0030DA50 /* Screens */,
				A777805627FBFFEE004AF800 /* Utils */,
				A759B5AE27FD484700002498 /* Extensions */,
				A7DF1B0227F132900030DA50 /* Assets.xcassets */,
				A7DF1B0427F132900030DA50 /* LaunchScreen.storyboard */,
				A7DF1B0727F132900030DA50 /* Info.plist */,
			);
			path = GithubProfileRepos;
			sourceTree = "<group>";
		};
		A7DF1B0D27F1357B0030DA50 /* Screens */ = {
			isa = PBXGroup;
			children = (
				A7DF1B1A27F136AE0030DA50 /* Nibs.swift */,
				A7DF1B1127F135AC0030DA50 /* Home */,
			);
			path = Screens;
			sourceTree = "<group>";
		};
		A7DF1B0E27F1357F0030DA50 /* NetworkLayer */ = {
			isa = PBXGroup;
			children = (
				A7DF1B0F27F1358C0030DA50 /* Keys.swift */,
				A7DF1B2D27F142F00030DA50 /* NetworkManager */,
				A7DF1B2E27F142FB0030DA50 /* Endpoint */,
				A7DF1B3127F145160030DA50 /* Service */,
				A7DF1B2827F142CA0030DA50 /* Encoding */,
			);
			path = NetworkLayer;
			sourceTree = "<group>";
		};
		A7DF1B1127F135AC0030DA50 /* Home */ = {
			isa = PBXGroup;
			children = (
				A79EE86D280521C100E93B3B /* SearchBar */,
				A72F566B27FE8D6300D6650F /* Container */,
				A759B5A227FD3A0B00002498 /* UserProfile */,
				A759B5A127FD39F300002498 /* ReposTable */,
			);
			path = Home;
			sourceTree = "<group>";
		};
		A7DF1B1227F1362D0030DA50 /* Model */ = {
			isa = PBXGroup;
			children = (
				A7DF1B2127F13F440030DA50 /* Repo.swift */,
			);
			path = Model;
			sourceTree = "<group>";
		};
		A7DF1B1327F136340030DA50 /* View */ = {
			isa = PBXGroup;
			children = (
				A7DF1B1C27F137DF0030DA50 /* RepoCell */,
				A759B59B27FCD9AD00002498 /* ReposTable */,
			);
			path = View;
			sourceTree = "<group>";
		};
		A7DF1B1427F1363F0030DA50 /* ViewModel */ = {
			isa = PBXGroup;
			children = (
				A7C8B40727F2AB6E001F6F93 /* ReposTableViewModel.swift */,
				A7C36B6E280388EF00DA52E3 /* RepoCellViewModel.swift */,
			);
			path = ViewModel;
			sourceTree = "<group>";
		};
		A7DF1B1C27F137DF0030DA50 /* RepoCell */ = {
			isa = PBXGroup;
			children = (
				A7DF1B1D27F137F90030DA50 /* RepoCell.swift */,
				A7DF1B1E27F137F90030DA50 /* RepoCell.xib */,
			);
			path = RepoCell;
			sourceTree = "<group>";
		};
		A7DF1B2827F142CA0030DA50 /* Encoding */ = {
			isa = PBXGroup;
			children = (
				A7DF1B2927F142D60030DA50 /* ParameterEncoder.swift */,
				A7DF1B2B27F142E70030DA50 /* URLParameterEncoder.swift */,
				A7DF1B4027F170DC0030DA50 /* JSONBodyParameterEncoder.swift */,
			);
			path = Encoding;
			sourceTree = "<group>";
		};
		A7DF1B2D27F142F00030DA50 /* NetworkManager */ = {
			isa = PBXGroup;
			children = (
				A7DF1B2627F142B60030DA50 /* NetworkManager.swift */,
				A7F81B1E27F7FCA200082EFE /* NetworkProtocol.swift */,
			);
			path = NetworkManager;
			sourceTree = "<group>";
		};
		A7DF1B2E27F142FB0030DA50 /* Endpoint */ = {
			isa = PBXGroup;
			children = (
				A7DF1B2F27F143680030DA50 /* EndpointProtocol.swift */,
				A7DF1B2427F142AD0030DA50 /* GithubUsersEndpoint.swift */,
			);
			path = Endpoint;
			sourceTree = "<group>";
		};
		A7DF1B3127F145160030DA50 /* Service */ = {
			isa = PBXGroup;
			children = (
				A7DF1B3F27F16E9B0030DA50 /* HTTP */,
				A7DF1B4327F185030030DA50 /* Router */,
			);
			path = Service;
			sourceTree = "<group>";
		};
		A7DF1B3F27F16E9B0030DA50 /* HTTP */ = {
			isa = PBXGroup;
			children = (
				A7DF1B3227F1452A0030DA50 /* HTTPMethod.swift */,
				A7DF1B3427F1453A0030DA50 /* HTTPTask.swift */,
				A7DF1B3827F16A210030DA50 /* HTTPHeaders.swift */,
			);
			path = HTTP;
			sourceTree = "<group>";
		};
		A7DF1B4327F185030030DA50 /* Router */ = {
			isa = PBXGroup;
			children = (
				A7DF1B3A27F16D050030DA50 /* Router.swift */,
				A7DF1B3C27F16D2D0030DA50 /* RouterProtocol.swift */,
			);
			path = Router;
			sourceTree = "<group>";
		};
		A7F81B1927F7F8C800082EFE /* Mocks */ = {
			isa = PBXGroup;
			children = (
				A7A2A7E428029A04009EF621 /* User.json */,
				A72F567527FEA5F700D6650F /* UserFollowers.json */,
				A72F567627FEA5F700D6650F /* UserFollowing.json */,
				A72F567127FEA59900D6650F /* RepoLanguages.json */,
				A72F567227FEA59900D6650F /* UserRepos.json */,
			);
			path = Mocks;
			sourceTree = "<group>";
		};
		A7F81B2027F8065800082EFE /* LocalStorageLayer */ = {
			isa = PBXGroup;
			children = (
				A7F81B1927F7F8C800082EFE /* Mocks */,
				A7F81B2127F806AD00082EFE /* JSONMock.swift */,
			);
			path = LocalStorageLayer;
			sourceTree = "<group>";
		};
		ED6457C5121E696F0D401CAB /* Frameworks */ = {
			isa = PBXGroup;
			children = (
				ED3DE93CCA114A2601F728F6 /* Pods_GithubProfileRepos.framework */,
			);
			name = Frameworks;
			sourceTree = "<group>";
		};
/* End PBXGroup section */

/* Begin PBXNativeTarget section */
		A7DF1AF527F1328F0030DA50 /* GithubProfileRepos */ = {
			isa = PBXNativeTarget;
			buildConfigurationList = A7DF1B0A27F132900030DA50 /* Build configuration list for PBXNativeTarget "GithubProfileRepos" */;
			buildPhases = (
				DCCBE6B0ECDC6FA55EBC183D /* [CP] Check Pods Manifest.lock */,
				A7DF1AF227F1328F0030DA50 /* Sources */,
				A7DF1AF327F1328F0030DA50 /* Frameworks */,
				A7DF1AF427F1328F0030DA50 /* Resources */,
				F38765E79E07815985B910AC /* [CP] Embed Pods Frameworks */,
			);
			buildRules = (
			);
			dependencies = (
			);
			name = GithubProfileRepos;
			productName = GithubProfileRepos;
			productReference = A7DF1AF627F1328F0030DA50 /* GithubProfileRepos.app */;
			productType = "com.apple.product-type.application";
		};
/* End PBXNativeTarget section */

/* Begin PBXProject section */
		A7DF1AEE27F1328F0030DA50 /* Project object */ = {
			isa = PBXProject;
			attributes = {
				BuildIndependentTargetsInParallel = 1;
				LastSwiftUpdateCheck = 1320;
				LastUpgradeCheck = 1320;
				TargetAttributes = {
					A7DF1AF527F1328F0030DA50 = {
						CreatedOnToolsVersion = 13.2.1;
					};
				};
			};
			buildConfigurationList = A7DF1AF127F1328F0030DA50 /* Build configuration list for PBXProject "GithubProfileRepos" */;
			compatibilityVersion = "Xcode 13.0";
			developmentRegion = en;
			hasScannedForEncodings = 0;
			knownRegions = (
				en,
				Base,
			);
			mainGroup = A7DF1AED27F1328F0030DA50;
			productRefGroup = A7DF1AF727F1328F0030DA50 /* Products */;
			projectDirPath = "";
			projectRoot = "";
			targets = (
				A7DF1AF527F1328F0030DA50 /* GithubProfileRepos */,
			);
		};
/* End PBXProject section */

/* Begin PBXResourcesBuildPhase section */
		A7DF1AF427F1328F0030DA50 /* Resources */ = {
			isa = PBXResourcesBuildPhase;
			buildActionMask = 2147483647;
			files = (
				A7DF1B0627F132900030DA50 /* LaunchScreen.storyboard in Resources */,
				A7DF1B0327F132900030DA50 /* Assets.xcassets in Resources */,
				A79EE87428052C2400E93B3B /* SearchResultsView.xib in Resources */,
				A72F567827FEA5F700D6650F /* UserFollowing.json in Resources */,
				A7DF1B1927F1366F0030DA50 /* ReposTableView.xib in Resources */,
				A759B59E27FCDAC600002498 /* UserView.xib in Resources */,
				A72F567427FEA59900D6650F /* UserRepos.json in Resources */,
				A7A2A7E528029A04009EF621 /* User.json in Resources */,
				A7DF1B2027F137F90030DA50 /* RepoCell.xib in Resources */,
				A72F567727FEA5F700D6650F /* UserFollowers.json in Resources */,
				A72F567327FEA59900D6650F /* RepoLanguages.json in Resources */,
			);
			runOnlyForDeploymentPostprocessing = 0;
		};
/* End PBXResourcesBuildPhase section */

/* Begin PBXShellScriptBuildPhase section */
		DCCBE6B0ECDC6FA55EBC183D /* [CP] Check Pods Manifest.lock */ = {
			isa = PBXShellScriptBuildPhase;
			buildActionMask = 2147483647;
			files = (
			);
			inputFileListPaths = (
			);
			inputPaths = (
				"${PODS_PODFILE_DIR_PATH}/Podfile.lock",
				"${PODS_ROOT}/Manifest.lock",
			);
			name = "[CP] Check Pods Manifest.lock";
			outputFileListPaths = (
			);
			outputPaths = (
				"$(DERIVED_FILE_DIR)/Pods-GithubProfileRepos-checkManifestLockResult.txt",
			);
			runOnlyForDeploymentPostprocessing = 0;
			shellPath = /bin/sh;
			shellScript = "diff \"${PODS_PODFILE_DIR_PATH}/Podfile.lock\" \"${PODS_ROOT}/Manifest.lock\" > /dev/null\nif [ $? != 0 ] ; then\n    # print error to STDERR\n    echo \"error: The sandbox is not in sync with the Podfile.lock. Run 'pod install' or update your CocoaPods installation.\" >&2\n    exit 1\nfi\n# This output is used by Xcode 'outputs' to avoid re-running this script phase.\necho \"SUCCESS\" > \"${SCRIPT_OUTPUT_FILE_0}\"\n";
			showEnvVarsInLog = 0;
		};
		F38765E79E07815985B910AC /* [CP] Embed Pods Frameworks */ = {
			isa = PBXShellScriptBuildPhase;
			buildActionMask = 2147483647;
			files = (
			);
			inputFileListPaths = (
				"${PODS_ROOT}/Target Support Files/Pods-GithubProfileRepos/Pods-GithubProfileRepos-frameworks-${CONFIGURATION}-input-files.xcfilelist",
			);
			name = "[CP] Embed Pods Frameworks";
			outputFileListPaths = (
				"${PODS_ROOT}/Target Support Files/Pods-GithubProfileRepos/Pods-GithubProfileRepos-frameworks-${CONFIGURATION}-output-files.xcfilelist",
			);
			runOnlyForDeploymentPostprocessing = 0;
			shellPath = /bin/sh;
			shellScript = "\"${PODS_ROOT}/Target Support Files/Pods-GithubProfileRepos/Pods-GithubProfileRepos-frameworks.sh\"\n";
			showEnvVarsInLog = 0;
		};
/* End PBXShellScriptBuildPhase section */

/* Begin PBXSourcesBuildPhase section */
		A7DF1AF227F1328F0030DA50 /* Sources */ = {
			isa = PBXSourcesBuildPhase;
			buildActionMask = 2147483647;
			files = (
				A759B5AD27FD45E800002498 /* HomeContainerVC.swift in Sources */,
				A79EE86F280521F100E93B3B /* HomeSearchBar.swift in Sources */,
				A72F567A27FEAA5D00D6650F /* UserViewModel.swift in Sources */,
				A7C8B40827F2AB6E001F6F93 /* ReposTableViewModel.swift in Sources */,
				A7DF1B3527F1453A0030DA50 /* HTTPTask.swift in Sources */,
				A7DF1B2727F142B60030DA50 /* NetworkManager.swift in Sources */,
				A7DF1B2C27F142E70030DA50 /* URLParameterEncoder.swift in Sources */,
				A7F81B1F27F7FCA200082EFE /* NetworkProtocol.swift in Sources */,
				A7DF1B1027F1358C0030DA50 /* Keys.swift in Sources */,
				A7DF1B2A27F142D60030DA50 /* ParameterEncoder.swift in Sources */,
				A759B5A727FD3B1500002498 /* UserVC.swift in Sources */,
				A7DF1B1827F1366F0030DA50 /* ReposTableVC.swift in Sources */,
				A7DF1AFA27F1328F0030DA50 /* AppDelegate.swift in Sources */,
				A777805827FC000E004AF800 /* LanguageColors.swift in Sources */,
				A7DF1B3D27F16D2D0030DA50 /* RouterProtocol.swift in Sources */,
				A7DF1B4127F170DC0030DA50 /* JSONBodyParameterEncoder.swift in Sources */,
				A7C36B6B280350AE00DA52E3 /* UserProfile.swift in Sources */,
				A79EE87328052C2400E93B3B /* SearchResultsVC.swift in Sources */,
				A7DF1B2527F142AD0030DA50 /* GithubUsersEndpoint.swift in Sources */,
				A7DF1B3B27F16D050030DA50 /* Router.swift in Sources */,
				A7DF1AFC27F1328F0030DA50 /* SceneDelegate.swift in Sources */,
				A777805A27FC1746004AF800 /* Utils.swift in Sources */,
				A7C36B6F280388EF00DA52E3 /* RepoCellViewModel.swift in Sources */,
				A72F566D27FE8D7700D6650F /* HomeContainerViewModel.swift in Sources */,
				A7A2A7E72802A059009EF621 /* UIImageViewExtension.swift in Sources */,
				A7DF1B3027F143680030DA50 /* EndpointProtocol.swift in Sources */,
				A72F566F27FEA22700D6650F /* User.swift in Sources */,
				A7DF1B1B27F136AE0030DA50 /* Nibs.swift in Sources */,
				A7DF1B3327F1452A0030DA50 /* HTTPMethod.swift in Sources */,
				A7DF1B3927F16A210030DA50 /* HTTPHeaders.swift in Sources */,
				A759B5B027FD48B200002498 /* UIViewControllerExtension.swift in Sources */,
				A7DF1B2227F13F440030DA50 /* Repo.swift in Sources */,
				A7DF1B1F27F137F90030DA50 /* RepoCell.swift in Sources */,
				A7F81B2227F806AD00082EFE /* JSONMock.swift in Sources */,
			);
			runOnlyForDeploymentPostprocessing = 0;
		};
/* End PBXSourcesBuildPhase section */

/* Begin PBXVariantGroup section */
		A7DF1B0427F132900030DA50 /* LaunchScreen.storyboard */ = {
			isa = PBXVariantGroup;
			children = (
				A7DF1B0527F132900030DA50 /* Base */,
			);
			name = LaunchScreen.storyboard;
			sourceTree = "<group>";
		};
/* End PBXVariantGroup section */

/* Begin XCBuildConfiguration section */
		A7DF1B0827F132900030DA50 /* Debug */ = {
			isa = XCBuildConfiguration;
			buildSettings = {
				ALWAYS_SEARCH_USER_PATHS = NO;
				CLANG_ANALYZER_NONNULL = YES;
				CLANG_ANALYZER_NUMBER_OBJECT_CONVERSION = YES_AGGRESSIVE;
				CLANG_CXX_LANGUAGE_STANDARD = "gnu++17";
				CLANG_CXX_LIBRARY = "libc++";
				CLANG_ENABLE_MODULES = YES;
				CLANG_ENABLE_OBJC_ARC = YES;
				CLANG_ENABLE_OBJC_WEAK = YES;
				CLANG_WARN_BLOCK_CAPTURE_AUTORELEASING = YES;
				CLANG_WARN_BOOL_CONVERSION = YES;
				CLANG_WARN_COMMA = YES;
				CLANG_WARN_CONSTANT_CONVERSION = YES;
				CLANG_WARN_DEPRECATED_OBJC_IMPLEMENTATIONS = YES;
				CLANG_WARN_DIRECT_OBJC_ISA_USAGE = YES_ERROR;
				CLANG_WARN_DOCUMENTATION_COMMENTS = YES;
				CLANG_WARN_EMPTY_BODY = YES;
				CLANG_WARN_ENUM_CONVERSION = YES;
				CLANG_WARN_INFINITE_RECURSION = YES;
				CLANG_WARN_INT_CONVERSION = YES;
				CLANG_WARN_NON_LITERAL_NULL_CONVERSION = YES;
				CLANG_WARN_OBJC_IMPLICIT_RETAIN_SELF = YES;
				CLANG_WARN_OBJC_LITERAL_CONVERSION = YES;
				CLANG_WARN_OBJC_ROOT_CLASS = YES_ERROR;
				CLANG_WARN_QUOTED_INCLUDE_IN_FRAMEWORK_HEADER = YES;
				CLANG_WARN_RANGE_LOOP_ANALYSIS = YES;
				CLANG_WARN_STRICT_PROTOTYPES = YES;
				CLANG_WARN_SUSPICIOUS_MOVE = YES;
				CLANG_WARN_UNGUARDED_AVAILABILITY = YES_AGGRESSIVE;
				CLANG_WARN_UNREACHABLE_CODE = YES;
				CLANG_WARN__DUPLICATE_METHOD_MATCH = YES;
				COPY_PHASE_STRIP = NO;
				DEBUG_INFORMATION_FORMAT = dwarf;
				ENABLE_STRICT_OBJC_MSGSEND = YES;
				ENABLE_TESTABILITY = YES;
				GCC_C_LANGUAGE_STANDARD = gnu11;
				GCC_DYNAMIC_NO_PIC = NO;
				GCC_NO_COMMON_BLOCKS = YES;
				GCC_OPTIMIZATION_LEVEL = 0;
				GCC_PREPROCESSOR_DEFINITIONS = (
					"DEBUG=1",
					"$(inherited)",
				);
				GCC_WARN_64_TO_32_BIT_CONVERSION = YES;
				GCC_WARN_ABOUT_RETURN_TYPE = YES_ERROR;
				GCC_WARN_UNDECLARED_SELECTOR = YES;
				GCC_WARN_UNINITIALIZED_AUTOS = YES_AGGRESSIVE;
				GCC_WARN_UNUSED_FUNCTION = YES;
				GCC_WARN_UNUSED_VARIABLE = YES;
				IPHONEOS_DEPLOYMENT_TARGET = 15.2;
				MTL_ENABLE_DEBUG_INFO = INCLUDE_SOURCE;
				MTL_FAST_MATH = YES;
				ONLY_ACTIVE_ARCH = YES;
				SDKROOT = iphoneos;
				SWIFT_ACTIVE_COMPILATION_CONDITIONS = DEBUG;
				SWIFT_OPTIMIZATION_LEVEL = "-Onone";
			};
			name = Debug;
		};
		A7DF1B0927F132900030DA50 /* Release */ = {
			isa = XCBuildConfiguration;
			buildSettings = {
				ALWAYS_SEARCH_USER_PATHS = NO;
				CLANG_ANALYZER_NONNULL = YES;
				CLANG_ANALYZER_NUMBER_OBJECT_CONVERSION = YES_AGGRESSIVE;
				CLANG_CXX_LANGUAGE_STANDARD = "gnu++17";
				CLANG_CXX_LIBRARY = "libc++";
				CLANG_ENABLE_MODULES = YES;
				CLANG_ENABLE_OBJC_ARC = YES;
				CLANG_ENABLE_OBJC_WEAK = YES;
				CLANG_WARN_BLOCK_CAPTURE_AUTORELEASING = YES;
				CLANG_WARN_BOOL_CONVERSION = YES;
				CLANG_WARN_COMMA = YES;
				CLANG_WARN_CONSTANT_CONVERSION = YES;
				CLANG_WARN_DEPRECATED_OBJC_IMPLEMENTATIONS = YES;
				CLANG_WARN_DIRECT_OBJC_ISA_USAGE = YES_ERROR;
				CLANG_WARN_DOCUMENTATION_COMMENTS = YES;
				CLANG_WARN_EMPTY_BODY = YES;
				CLANG_WARN_ENUM_CONVERSION = YES;
				CLANG_WARN_INFINITE_RECURSION = YES;
				CLANG_WARN_INT_CONVERSION = YES;
				CLANG_WARN_NON_LITERAL_NULL_CONVERSION = YES;
				CLANG_WARN_OBJC_IMPLICIT_RETAIN_SELF = YES;
				CLANG_WARN_OBJC_LITERAL_CONVERSION = YES;
				CLANG_WARN_OBJC_ROOT_CLASS = YES_ERROR;
				CLANG_WARN_QUOTED_INCLUDE_IN_FRAMEWORK_HEADER = YES;
				CLANG_WARN_RANGE_LOOP_ANALYSIS = YES;
				CLANG_WARN_STRICT_PROTOTYPES = YES;
				CLANG_WARN_SUSPICIOUS_MOVE = YES;
				CLANG_WARN_UNGUARDED_AVAILABILITY = YES_AGGRESSIVE;
				CLANG_WARN_UNREACHABLE_CODE = YES;
				CLANG_WARN__DUPLICATE_METHOD_MATCH = YES;
				COPY_PHASE_STRIP = NO;
				DEBUG_INFORMATION_FORMAT = "dwarf-with-dsym";
				ENABLE_NS_ASSERTIONS = NO;
				ENABLE_STRICT_OBJC_MSGSEND = YES;
				GCC_C_LANGUAGE_STANDARD = gnu11;
				GCC_NO_COMMON_BLOCKS = YES;
				GCC_WARN_64_TO_32_BIT_CONVERSION = YES;
				GCC_WARN_ABOUT_RETURN_TYPE = YES_ERROR;
				GCC_WARN_UNDECLARED_SELECTOR = YES;
				GCC_WARN_UNINITIALIZED_AUTOS = YES_AGGRESSIVE;
				GCC_WARN_UNUSED_FUNCTION = YES;
				GCC_WARN_UNUSED_VARIABLE = YES;
				IPHONEOS_DEPLOYMENT_TARGET = 15.2;
				MTL_ENABLE_DEBUG_INFO = NO;
				MTL_FAST_MATH = YES;
				SDKROOT = iphoneos;
				SWIFT_COMPILATION_MODE = wholemodule;
				SWIFT_OPTIMIZATION_LEVEL = "-O";
				VALIDATE_PRODUCT = YES;
			};
			name = Release;
		};
		A7DF1B0B27F132900030DA50 /* Debug */ = {
			isa = XCBuildConfiguration;
			baseConfigurationReference = 3D67EA8AA75DF875A50078A4 /* Pods-GithubProfileRepos.debug.xcconfig */;
			buildSettings = {
				ASSETCATALOG_COMPILER_APPICON_NAME = AppIcon;
				ASSETCATALOG_COMPILER_GLOBAL_ACCENT_COLOR_NAME = AccentColor;
				CODE_SIGN_STYLE = Automatic;
				CURRENT_PROJECT_VERSION = 1;
				DEVELOPMENT_TEAM = M5AB5V73J2;
				GENERATE_INFOPLIST_FILE = YES;
				INFOPLIST_FILE = GithubProfileRepos/Info.plist;
				INFOPLIST_KEY_UIApplicationSupportsIndirectInputEvents = YES;
				INFOPLIST_KEY_UILaunchStoryboardName = LaunchScreen;
				INFOPLIST_KEY_UISupportedInterfaceOrientations = UIInterfaceOrientationPortrait;
				INFOPLIST_KEY_UISupportedInterfaceOrientations_iPad = "UIInterfaceOrientationPortrait UIInterfaceOrientationPortraitUpsideDown UIInterfaceOrientationLandscapeLeft UIInterfaceOrientationLandscapeRight";
				INFOPLIST_KEY_UISupportedInterfaceOrientations_iPhone = "UIInterfaceOrientationPortrait UIInterfaceOrientationLandscapeLeft UIInterfaceOrientationLandscapeRight";
				IPHONEOS_DEPLOYMENT_TARGET = 14.0;
				LD_RUNPATH_SEARCH_PATHS = (
					"$(inherited)",
					"@executable_path/Frameworks",
				);
				MARKETING_VERSION = 1.0;
				PRODUCT_BUNDLE_IDENTIFIER = net.estremadoyro.GithubProfileRepos;
				PRODUCT_NAME = "$(TARGET_NAME)";
				SWIFT_EMIT_LOC_STRINGS = YES;
				SWIFT_VERSION = 5.0;
				TARGETED_DEVICE_FAMILY = 1;
			};
			name = Debug;
		};
		A7DF1B0C27F132900030DA50 /* Release */ = {
			isa = XCBuildConfiguration;
			baseConfigurationReference = D06877A76E953C3101BD1B69 /* Pods-GithubProfileRepos.release.xcconfig */;
			buildSettings = {
				ASSETCATALOG_COMPILER_APPICON_NAME = AppIcon;
				ASSETCATALOG_COMPILER_GLOBAL_ACCENT_COLOR_NAME = AccentColor;
				CODE_SIGN_STYLE = Automatic;
				CURRENT_PROJECT_VERSION = 1;
				DEVELOPMENT_TEAM = M5AB5V73J2;
				GENERATE_INFOPLIST_FILE = YES;
				INFOPLIST_FILE = GithubProfileRepos/Info.plist;
				INFOPLIST_KEY_UIApplicationSupportsIndirectInputEvents = YES;
				INFOPLIST_KEY_UILaunchStoryboardName = LaunchScreen;
				INFOPLIST_KEY_UISupportedInterfaceOrientations = UIInterfaceOrientationPortrait;
				INFOPLIST_KEY_UISupportedInterfaceOrientations_iPad = "UIInterfaceOrientationPortrait UIInterfaceOrientationPortraitUpsideDown UIInterfaceOrientationLandscapeLeft UIInterfaceOrientationLandscapeRight";
				INFOPLIST_KEY_UISupportedInterfaceOrientations_iPhone = "UIInterfaceOrientationPortrait UIInterfaceOrientationLandscapeLeft UIInterfaceOrientationLandscapeRight";
				IPHONEOS_DEPLOYMENT_TARGET = 14.0;
				LD_RUNPATH_SEARCH_PATHS = (
					"$(inherited)",
					"@executable_path/Frameworks",
				);
				MARKETING_VERSION = 1.0;
				PRODUCT_BUNDLE_IDENTIFIER = net.estremadoyro.GithubProfileRepos;
				PRODUCT_NAME = "$(TARGET_NAME)";
				SWIFT_EMIT_LOC_STRINGS = YES;
				SWIFT_VERSION = 5.0;
				TARGETED_DEVICE_FAMILY = 1;
			};
			name = Release;
		};
/* End XCBuildConfiguration section */

/* Begin XCConfigurationList section */
		A7DF1AF127F1328F0030DA50 /* Build configuration list for PBXProject "GithubProfileRepos" */ = {
			isa = XCConfigurationList;
			buildConfigurations = (
				A7DF1B0827F132900030DA50 /* Debug */,
				A7DF1B0927F132900030DA50 /* Release */,
			);
			defaultConfigurationIsVisible = 0;
			defaultConfigurationName = Release;
		};
		A7DF1B0A27F132900030DA50 /* Build configuration list for PBXNativeTarget "GithubProfileRepos" */ = {
			isa = XCConfigurationList;
			buildConfigurations = (
				A7DF1B0B27F132900030DA50 /* Debug */,
				A7DF1B0C27F132900030DA50 /* Release */,
			);
			defaultConfigurationIsVisible = 0;
			defaultConfigurationName = Release;
		};
/* End XCConfigurationList section */
	};
	rootObject = A7DF1AEE27F1328F0030DA50 /* Project object */;
}
